Microsoft Visual Studio Solution File, Format Version 12.00
# Visual Studio Version 17
VisualStudioVersion = 17.0.31903.59
MinimumVisualStudioVersion = 10.0.40219.1
Project("{FAE04EC0-301F-11D3-BF4B-00C04F79EFBC}") = "PulsNext.Domain.Legacy", "src\PulsNext.Domain.Legacy\PulsNext.Domain.Legacy.csproj", "{A1C65B1D-1D38-42A5-95D9-111111111111}"
EndProject
Project("{FAE04EC0-301F-11D3-BF4B-00C04F79EFBC}") = "PulsNext.Domain.Mailing", "src\PulsNext.Domain.Mailing\PulsNext.Domain.Mailing.csproj", "{B2D75C2E-2E49-43B6-96EA-222222222222}"
EndProject
Project("{FAE04EC0-301F-11D3-BF4B-00C04F79EFBC}") = "PulsNext.Infrastructure", "src\PulsNext.Infrastructure\PulsNext.Infrastructure.csproj", "{C3E86D3F-3F5A-44C7-A7FB-333333333333}"
EndProject
Project("{FAE04EC0-301F-11D3-BF4B-00C04F79EFBC}") = "PulsNext.Api", "src\PulsNext.Api\PulsNext.Api.csproj", "{D4F97E40-406B-45D8-B80C-444444444444}"
EndProject
Global
	GlobalSection(SolutionConfigurationPlatforms) = preSolution
		Debug|Any CPU = Debug|Any CPU
		Release|Any CPU = Release|Any CPU
	EndGlobalSection
	GlobalSection(ProjectConfigurationPlatforms) = postSolution
		{A1C65B1D-1D38-42A5-95D9-111111111111}.Debug|Any CPU.ActiveCfg = Debug|Any CPU
		{A1C65B1D-1D38-42A5-95D9-111111111111}.Debug|Any CPU.Build.0 = Debug|Any CPU
		{A1C65B1D-1D38-42A5-95D9-111111111111}.Release|Any CPU.ActiveCfg = Release|Any CPU
		{A1C65B1D-1D38-42A5-95D9-111111111111}.Release|Any CPU.Build.0 = Release|Any CPU
		{B2D75C2E-2E49-43B6-96EA-222222222222}.Debug|Any CPU.ActiveCfg = Debug|Any CPU
		{B2D75C2E-2E49-43B6-96EA-222222222222}.Debug|Any CPU.Build.0 = Debug|Any CPU
		{B2D75C2E-2E49-43B6-96EA-222222222222}.Release|Any CPU.ActiveCfg = Release|Any CPU
		{B2D75C2E-2E49-43B6-96EA-222222222222}.Release|Any CPU.Build.0 = Release|Any CPU
		{C3E86D3F-3F5A-44C7-A7FB-333333333333}.Debug|Any CPU.ActiveCfg = Debug|Any CPU
		{C3E86D3F-3F5A-44C7-A7FB-333333333333}.Debug|Any CPU.Build.0 = Debug|Any CPU
		{C3E86D3F-3F5A-44C7-A7FB-333333333333}.Release|Any CPU.ActiveCfg = Release|Any CPU
		{C3E86D3F-3F5A-44C7-A7FB-333333333333}.Release|Any CPU.Build.0 = Release|Any CPU
		{D4F97E40-406B-45D8-B80C-444444444444}.Debug|Any CPU.ActiveCfg = Debug|Any CPU
		{D4F97E40-406B-45D8-B80C-444444444444}.Debug|Any CPU.Build.0 = Debug|Any CPU
		{D4F97E40-406B-45D8-B80C-444444444444}.Release|Any CPU.ActiveCfg = Release|Any CPU
		{D4F97E40-406B-45D8-B80C-444444444444}.Release|Any CPU.Build.0 = Release|Any CPU
	EndGlobalSection
	GlobalSection(SolutionProperties) = preSolution
		HideSolutionNode = FALSE
	EndGlobalSection
EndGlobal
